
Microsoft Visual Studio Solution File, Format Version 12.00
# Visual Studio Version 17
VisualStudioVersion = 17.0.31903.59
MinimumVisualStudioVersion = 10.0.40219.1
Project("{2150E333-8FDC-42A3-9474-1A3956D46DE8}") = "Source", "Source", "{B8EFCA5F-814F-285C-A8CB-F00F14650265}"
EndProject
Project("{FAE04EC0-301F-11D3-BF4B-00C04F79EFBC}") = "Vinder.IdentityProvider.Sdk", "Source\Vinder.IdentityProvider.Sdk.csproj", "{02FE7694-808D-4A92-B41C-E70DD7BE1260}"
EndProject
Global
	GlobalSection(SolutionConfigurationPlatforms) = preSolution
		Debug|Any CPU = Debug|Any CPU
		Debug|x64 = Debug|x64
		Debug|x86 = Debug|x86
		Release|Any CPU = Release|Any CPU
		Release|x64 = Release|x64
		Release|x86 = Release|x86
	EndGlobalSection
	GlobalSection(ProjectConfigurationPlatforms) = postSolution
		{02FE7694-808D-4A92-B41C-E70DD7BE1260}.Debug|Any CPU.ActiveCfg = Debug|Any CPU
		{02FE7694-808D-4A92-B41C-E70DD7BE1260}.Debug|Any CPU.Build.0 = Debug|Any CPU
		{02FE7694-808D-4A92-B41C-E70DD7BE1260}.Debug|x64.ActiveCfg = Debug|Any CPU
		{02FE7694-808D-4A92-B41C-E70DD7BE1260}.Debug|x64.Build.0 = Debug|Any CPU
		{02FE7694-808D-4A92-B41C-E70DD7BE1260}.Debug|x86.ActiveCfg = Debug|Any CPU
		{02FE7694-808D-4A92-B41C-E70DD7BE1260}.Debug|x86.Build.0 = Debug|Any CPU
		{02FE7694-808D-4A92-B41C-E70DD7BE1260}.Release|Any CPU.ActiveCfg = Release|Any CPU
		{02FE7694-808D-4A92-B41C-E70DD7BE1260}.Release|Any CPU.Build.0 = Release|Any CPU
		{02FE7694-808D-4A92-B41C-E70DD7BE1260}.Release|x64.ActiveCfg = Release|Any CPU
		{02FE7694-808D-4A92-B41C-E70DD7BE1260}.Release|x64.Build.0 = Release|Any CPU
		{02FE7694-808D-4A92-B41C-E70DD7BE1260}.Release|x86.ActiveCfg = Release|Any CPU
		{02FE7694-808D-4A92-B41C-E70DD7BE1260}.Release|x86.Build.0 = Release|Any CPU
	EndGlobalSection
	GlobalSection(SolutionProperties) = preSolution
		HideSolutionNode = FALSE
	EndGlobalSection
	GlobalSection(NestedProjects) = preSolution
		{02FE7694-808D-4A92-B41C-E70DD7BE1260} = {B8EFCA5F-814F-285C-A8CB-F00F14650265}
	EndGlobalSection
EndGlobal
